
Microsoft Visual Studio Solution File, Format Version 12.00
# Visual Studio Version 17
VisualStudioVersion = 17.10.34916.146
MinimumVisualStudioVersion = 10.0.40219.1
Project("{FAE04EC0-301F-11D3-BF4B-00C04F79EFBC}") = "VehicleTrackingAppl", "VehicleTrackingAppl.csproj", "{23F0ED93-7E55-43AC-8D0E-A8F2FC8FB000}"
EndProject
Global
	GlobalSection(SolutionConfigurationPlatforms) = preSolution
		Debug|Any CPU = Debug|Any CPU
		Release|Any CPU = Release|Any CPU
	EndGlobalSection
	GlobalSection(ProjectConfigurationPlatforms) = postSolution
		{23F0ED93-7E55-43AC-8D0E-A8F2FC8FB000}.Debug|Any CPU.ActiveCfg = Debug|Any CPU
		{23F0ED93-7E55-43AC-8D0E-A8F2FC8FB000}.Debug|Any CPU.Build.0 = Debug|Any CPU
		{23F0ED93-7E55-43AC-8D0E-A8F2FC8FB000}.Release|Any CPU.ActiveCfg = Release|Any CPU
		{23F0ED93-7E55-43AC-8D0E-A8F2FC8FB000}.Release|Any CPU.Build.0 = Release|Any CPU
	EndGlobalSection
	GlobalSection(SolutionProperties) = preSolution
		HideSolutionNode = FALSE
	EndGlobalSection
	GlobalSection(ExtensibilityGlobals) = postSolution
		SolutionGuid = {DDC7FFA3-2A2A-4051-9996-DBF118468764}
	EndGlobalSection
EndGlobal
